<?xml version="1.0" encoding="utf-8"?>
<Project ToolsVersion="4.0" xmlns="http://schemas.microsoft.com/developer/msbuild/2003">
  <ItemGroup>
    <Filter Include="Source Files">
      <UniqueIdentifier>{4FC737F1-C7A5-4376-A066-2A32D752A2FF}</UniqueIdentifier>
      <Extensions>cpp;c;cc;cxx;c++;cppm;ixx;def;odl;idl;hpj;bat;asm;asmx</Extensions>
    </Filter>
    <Filter Include="Header Files">
      <UniqueIdentifier>{93995380-89BD-4b04-88EB-625FBE52EBFB}</UniqueIdentifier>
      <Extensions>h;hh;hpp;hxx;h++;hm;inl;inc;ipp;xsd</Extensions>
    </Filter>
    <Filter Include="Resource Files">
      <UniqueIdentifier>{67DA6AB6-F800-4c08-8B7A-83BB121AAD01}</UniqueIdentifier>
      <Extensions>rc;ico;cur;bmp;dlg;rc2;rct;bin;rgs;gif;jpg;jpeg;jpe;resx;tiff;tif;png;wav;mfcribbon-ms</Extensions>
    </Filter>
    <Filter Include="Resource Files\Shaders">
      <UniqueIdentifier>{7be32bf7-15cd-4ab7-9d23-f31e829144d3}</UniqueIdentifier>
    </Filter>
    <Filter Include="Global Resources">
      <UniqueIdentifier>{dc3137fd-104b-4a39-87eb-b39c11cc7acd}</UniqueIdentifier>
    </Filter>
    <Filter Include="Shaders">
      <UniqueIdentifier>{9aea52d4-d758-4072-9148-6da47fcf155d}</UniqueIdentifier>
    </Filter>
    <Filter Include="Transformations">
      <UniqueIdentifier>{2408b56d-f2cc-4d0d-8d21-ee980a871a3f}</UniqueIdentifier>
    </Filter>
    <Filter Include="Camera">
      <UniqueIdentifier>{ee460610-9a9c-4866-a325-c5a243dd0405}</UniqueIdentifier>
    </Filter>
    <Filter Include="cMesh">
      <UniqueIdentifier>{e484fb50-4dbd-40e1-a131-d4e5e2201adb}</UniqueIdentifier>
    </Filter>
    <Filter Include="Model">
      <UniqueIdentifier>{ac5cf23d-e473-47ea-be92-5d2306cde654}</UniqueIdentifier>
    </Filter>
    <Filter Include="Resource Files\Shaders\DepthTesting">
      <UniqueIdentifier>{ad8504f6-78bb-4268-b037-b49ef6e22d52}</UniqueIdentifier>
    </Filter>
    <Filter Include="Resource Files\Shaders\StencilTesting">
      <UniqueIdentifier>{a3ed8159-3142-46cb-9ac9-549ed0af47a5}</UniqueIdentifier>
    </Filter>
    <Filter Include="Resource Files\Shaders\Blending">
      <UniqueIdentifier>{2b87b268-6130-424d-a1a2-1f2ea7d031e1}</UniqueIdentifier>
    </Filter>
    <Filter Include="Resource Files\Primitive Models">
      <UniqueIdentifier>{bf24eb43-c281-4647-9659-811a22d340f8}</UniqueIdentifier>
    </Filter>
    <Filter Include="Resource Files\Shaders\frameBufferTesting">
      <UniqueIdentifier>{84dbe685-a150-4ee5-abe0-d90d063db33d}</UniqueIdentifier>
    </Filter>
    <Filter Include="Resource Files\Shaders\CubeMap">
      <UniqueIdentifier>{ca8510b9-3b7d-4cef-aa74-8315271b908f}</UniqueIdentifier>
    </Filter>
    <Filter Include="Resource Files\Shaders\AdvancedGLSL">
      <UniqueIdentifier>{7a3dfdc9-793c-4a6e-b3b9-0eec7d9b9da9}</UniqueIdentifier>
    </Filter>
    <Filter Include="Resource Files\Shaders\GeometryShader">
      <UniqueIdentifier>{4ca61e80-2769-4d8d-84d2-ef6f702259a7}</UniqueIdentifier>
    </Filter>
    <Filter Include="Resource Files\Shaders\SpaceScene">
      <UniqueIdentifier>{80820727-9678-468f-a544-7f845d5de8bc}</UniqueIdentifier>
    </Filter>
    <Filter Include="Textures">
      <UniqueIdentifier>{4a5b1e8b-c199-4baf-875a-54ac156b1a04}</UniqueIdentifier>
    </Filter>
  </ItemGroup>
  <ItemGroup>
    <ClCompile Include="main.cpp">
      <Filter>Source Files</Filter>
    </ClCompile>
    <ClCompile Include="stb.cpp">
      <Filter>Source Files</Filter>
    </ClCompile>
    <ClCompile Include="GlobalVaribles.cpp">
      <Filter>Global Resources</Filter>
    </ClCompile>
    <ClCompile Include="Shader.cpp">
      <Filter>Shaders</Filter>
    </ClCompile>
    <ClCompile Include="glad.c">
      <Filter>Source Files</Filter>
    </ClCompile>
    <ClCompile Include="Transformation.cpp">
      <Filter>Transformations</Filter>
    </ClCompile>
    <ClCompile Include="Camera.cpp">
      <Filter>Camera</Filter>
    </ClCompile>
    <ClCompile Include="cMesh.cpp">
      <Filter>cMesh</Filter>
    </ClCompile>
    <ClCompile Include="Model.cpp">
      <Filter>Model</Filter>
    </ClCompile>
    <ClCompile Include="Texture.cpp">
      <Filter>Textures</Filter>
    </ClCompile>
  </ItemGroup>
  <ItemGroup>
    <ClInclude Include="GlobalVaribles.h">
      <Filter>Global Resources</Filter>
    </ClInclude>
    <ClInclude Include="Shader.h">
      <Filter>Shaders</Filter>
    </ClInclude>
    <ClInclude Include="Transformation.h">
      <Filter>Transformations</Filter>
    </ClInclude>
    <ClInclude Include="Camera.h">
      <Filter>Camera</Filter>
    </ClInclude>
    <ClInclude Include="cMesh.h">
      <Filter>cMesh</Filter>
    </ClInclude>
    <ClInclude Include="Model.h">
      <Filter>Model</Filter>
    </ClInclude>
    <ClInclude Include="Texture.h">
      <Filter>Textures</Filter>
    </ClInclude>
  </ItemGroup>
  <ItemGroup>
    <None Include="Assets\Shaders\FragmentShader.glsl">
      <Filter>Resource Files\Shaders</Filter>
    </None>
    <None Include="Assets\Shaders\LightFragmentShader.glsl">
      <Filter>Resource Files\Shaders</Filter>
    </None>
    <None Include="Assets\Shaders\LightVertexShader.glsl">
      <Filter>Resource Files\Shaders</Filter>
    </None>
    <None Include="Assets\Shaders\VertexShader.glsl">
      <Filter>Resource Files\Shaders</Filter>
    </None>
    <None Include="Assets\Shaders\DepthTesting.vert">
      <Filter>Resource Files\Shaders\DepthTesting</Filter>
    </None>
    <None Include="Assets\Shaders\DepthTesting.frag">
      <Filter>Resource Files\Shaders\DepthTesting</Filter>
    </None>
    <None Include="Assets\Shaders\ModelShader.frag">
      <Filter>Resource Files\Shaders\StencilTesting</Filter>
    </None>
    <None Include="Assets\Shaders\ModelShader.vert">
      <Filter>Resource Files\Shaders\StencilTesting</Filter>
    </None>
    <None Include="Assets\Shaders\ModelStencil.frag">
      <Filter>Resource Files\Shaders\StencilTesting</Filter>
    </None>
    <None Include="assets\Shaders\Blend.frag">
      <Filter>Resource Files\Shaders\Blending</Filter>
    </None>
    <None Include="assets\Shaders\Blend.vert">
      <Filter>Resource Files\Shaders\Blending</Filter>
    </None>
    <None Include="assets\Default_Models\Cube.json">
      <Filter>Resource Files\Primitive Models</Filter>
    </None>
    <None Include="assets\Default_Models\Plane.json">
      <Filter>Resource Files\Primitive Models</Filter>
    </None>
    <None Include="assets\Default_Models\transparent.json">
      <Filter>Resource Files\Primitive Models</Filter>
    </None>
    <None Include="assets\Shaders\framebuffer.fs">
      <Filter>Resource Files\Shaders\frameBufferTesting</Filter>
    </None>
    <None Include="assets\Shaders\framebuffer_screen.vs">
      <Filter>Resource Files\Shaders\frameBufferTesting</Filter>
    </None>
    <None Include="assets\Shaders\framebuffer_screen.fs">
      <Filter>Resource Files\Shaders\frameBufferTesting</Filter>
    </None>
    <None Include="assets\Shaders\framebuffer.vs">
      <Filter>Resource Files\Shaders\frameBufferTesting</Filter>
    </None>
    <None Include="assets\Default_Models\quad.json">
      <Filter>Resource Files\Primitive Models</Filter>
    </None>
    <None Include="assets\Shaders\CubeMap.frag">
      <Filter>Resource Files\Shaders\CubeMap</Filter>
    </None>
    <None Include="assets\Shaders\CubeMap.vert">
      <Filter>Resource Files\Shaders\CubeMap</Filter>
    </None>
    <None Include="assets\Shaders\Skybox.frag">
      <Filter>Resource Files\Shaders\CubeMap</Filter>
    </None>
    <None Include="assets\Shaders\Skybox.vert">
      <Filter>Resource Files\Shaders\CubeMap</Filter>
    </None>
    <None Include="assets\Default_Models\SkyboxCube.json">
      <Filter>Resource Files\Primitive Models</Filter>
    </None>
    <None Include="assets\Shaders\yellow.fs">
      <Filter>Resource Files\Shaders\AdvancedGLSL</Filter>
    </None>
    <None Include="assets\Shaders\green.fs">
      <Filter>Resource Files\Shaders\AdvancedGLSL</Filter>
    </None>
    <None Include="assets\Shaders\blue.fs">
      <Filter>Resource Files\Shaders\AdvancedGLSL</Filter>
    </None>
    <None Include="assets\Shaders\red.fs">
      <Filter>Resource Files\Shaders\AdvancedGLSL</Filter>
    </None>
    <None Include="assets\Shaders\advanced_glsl.vs">
      <Filter>Resource Files\Shaders\AdvancedGLSL</Filter>
    </None>
    <None Include="assets\Shaders\normalVisualize.gs">
      <Filter>Resource Files\Shaders\GeometryShader</Filter>
    </None>
    <None Include="assets\Shaders\normalVisualize.fs">
      <Filter>Resource Files\Shaders\GeometryShader</Filter>
    </None>
    <None Include="assets\Shaders\normalVisualize.vs">
      <Filter>Resource Files\Shaders\GeometryShader</Filter>
    </None>
    <None Include="assets\Shaders\shader.fs">
      <Filter>Resource Files\Shaders\GeometryShader</Filter>
    </None>
    <None Include="assets\Shaders\shader.vs">
      <Filter>Resource Files\Shaders\GeometryShader</Filter>
    </None>
    <None Include="assets\Shaders\planet.vs">
      <Filter>Resource Files\Shaders\SpaceScene</Filter>
    </None>
    <None Include="assets\Shaders\astroids.vs">
      <Filter>Resource Files\Shaders\SpaceScene</Filter>
    </None>
    <None Include="assets\Shaders\planet.fs">
      <Filter>Resource Files\Shaders\SpaceScene</Filter>
    </None>
    <None Include="assets\Shaders\astroids.fs">
      <Filter>Resource Files\Shaders\SpaceScene</Filter>
    </None>
  </ItemGroup>
</Project>